
Microsoft Visual Studio Solution File, Format Version 12.00
# Visual Studio 2012
Project("{FAE04EC0-301F-11D3-BF4B-00C04F79EFBC}") = "LibToBeUsed", "LibToBeUsed\LibToBeUsed.csproj", "{7CE532AA-1140-465D-B17F-76F7A80F781F}"
EndProject
Project("{2150E333-8FDC-42A3-9474-1A3956D46DE8}") = "Tests", "Tests", "{CB4D3BF2-5789-481B-A3E8-7BCAEC99CEA1}"
EndProject
Project("{FAE04EC0-301F-11D3-BF4B-00C04F79EFBC}") = "LibToBeUsedUnitTests", "Tests\LibToBeUsedUnitTests\LibToBeUsedUnitTests.csproj", "{B8F55E2E-D558-408B-AA50-DFEDC3D0482D}"
EndProject
Project("{FAE04EC0-301F-11D3-BF4B-00C04F79EFBC}") = "WpfUsingLibUnitTests", "Tests\WpfUsingLibUnitTests\WpfUsingLibUnitTests.csproj", "{3FDAC7DF-7118-4524-BCE1-25A9534534D9}"
EndProject
Project("{FAE04EC0-301F-11D3-BF4B-00C04F79EFBC}") = "WpfUsingLib", "WpfUsingLib\WpfUsingLib.csproj", "{B5CBFCAF-BA8E-4388-B66B-5A8FFB3C6BEB}"
EndProject
Global
	GlobalSection(SolutionConfigurationPlatforms) = preSolution
		Debug|Any CPU = Debug|Any CPU
		Release|Any CPU = Release|Any CPU
	EndGlobalSection
	GlobalSection(ProjectConfigurationPlatforms) = postSolution
		{7CE532AA-1140-465D-B17F-76F7A80F781F}.Debug|Any CPU.ActiveCfg = Debug|Any CPU
		{7CE532AA-1140-465D-B17F-76F7A80F781F}.Debug|Any CPU.Build.0 = Debug|Any CPU
		{7CE532AA-1140-465D-B17F-76F7A80F781F}.Release|Any CPU.ActiveCfg = Release|Any CPU
		{7CE532AA-1140-465D-B17F-76F7A80F781F}.Release|Any CPU.Build.0 = Release|Any CPU
		{B8F55E2E-D558-408B-AA50-DFEDC3D0482D}.Debug|Any CPU.ActiveCfg = Debug|Any CPU
		{B8F55E2E-D558-408B-AA50-DFEDC3D0482D}.Debug|Any CPU.Build.0 = Debug|Any CPU
		{B8F55E2E-D558-408B-AA50-DFEDC3D0482D}.Release|Any CPU.ActiveCfg = Release|Any CPU
		{B8F55E2E-D558-408B-AA50-DFEDC3D0482D}.Release|Any CPU.Build.0 = Release|Any CPU
		{3FDAC7DF-7118-4524-BCE1-25A9534534D9}.Debug|Any CPU.ActiveCfg = Debug|Any CPU
		{3FDAC7DF-7118-4524-BCE1-25A9534534D9}.Debug|Any CPU.Build.0 = Debug|Any CPU
		{3FDAC7DF-7118-4524-BCE1-25A9534534D9}.Release|Any CPU.ActiveCfg = Release|Any CPU
		{3FDAC7DF-7118-4524-BCE1-25A9534534D9}.Release|Any CPU.Build.0 = Release|Any CPU
		{B5CBFCAF-BA8E-4388-B66B-5A8FFB3C6BEB}.Debug|Any CPU.ActiveCfg = Debug|Any CPU
		{B5CBFCAF-BA8E-4388-B66B-5A8FFB3C6BEB}.Debug|Any CPU.Build.0 = Debug|Any CPU
		{B5CBFCAF-BA8E-4388-B66B-5A8FFB3C6BEB}.Release|Any CPU.ActiveCfg = Release|Any CPU
		{B5CBFCAF-BA8E-4388-B66B-5A8FFB3C6BEB}.Release|Any CPU.Build.0 = Release|Any CPU
	EndGlobalSection
	GlobalSection(SolutionProperties) = preSolution
		HideSolutionNode = FALSE
	EndGlobalSection
	GlobalSection(NestedProjects) = preSolution
		{B8F55E2E-D558-408B-AA50-DFEDC3D0482D} = {CB4D3BF2-5789-481B-A3E8-7BCAEC99CEA1}
		{3FDAC7DF-7118-4524-BCE1-25A9534534D9} = {CB4D3BF2-5789-481B-A3E8-7BCAEC99CEA1}
	EndGlobalSection
EndGlobal
